# Generated by buf. DO NOT EDIT.
version: v1
deps:
  - remote: buf.build
    owner: eden
    repository: account
    branch: main
    commit: 0e26200c628b40f2be3025f8307d356b
    digest: b1-Eq6D062Ur5merAFr3_V-X4llA5jAAktnqIQBOlfVd0c=
    create_time: 2022-02-24T10:45:18.917796Z
  - remote: buf.build
    owner: eden
    repository: api
    branch: main
    commit: f9e61d47aa1e4c2f91b69833eb27e86b
    digest: b1-udOnkxY83nVeYvrYzU8_TJ25tkQ2GNddIpWPFQCnKc0=
    create_time: 2022-02-24T06:58:16.004947Z
  - remote: buf.build
    owner: eden
    repository: db
    branch: main
    commit: b528595099ee44adb9fecab33a7267b8
    digest: b1-qvzdCJJcl5c7F7wAvosUEPwHcHPJiNMhAiQMflGOlw4=
    create_time: 2022-02-24T06:53:49.471713Z
  - remote: buf.build
    owner: eden
    repository: prisma
    branch: main
    commit: 50de5a901b9e4d73a022634c1b437fdc
    digest: b1-MmCC4cumCdFgsBupEeH1LgJm4JF3S-rI_Uzy1uCcRL0=
    create_time: 2022-02-23T21:09:16.405644Z
  - remote: buf.build
    owner: googleapis
    repository: googleapis
    branch: main
    commit: 846d0973ea9542ba85a83bd51a09c4e8
    digest: b1-gVRk4WYLf66uxA0F70gxDWnlMHEU84rLDrfz6dOyCqk=
    create_time: 2022-02-23T15:11:20.915988Z
