# Generated by buf. DO NOT EDIT.
version: v1
deps:
  - remote: buf.build
    owner: envoyproxy
    repository: protoc-gen-validate
    branch: main
    commit: dc09a417d27241f7b069feae2cd74a0e
    digest: b1-Ml8P8Frdpw3OwpExAAPdylRY3Drdoz0lwMe104zLBEk=
    create_time: 2021-12-17T23:06:23.975454Z
  - remote: buf.build
    owner: googleapis
    repository: googleapis
    branch: main
    commit: 8abb121752d4454db5546c3b4653b450
    digest: b1-juERcaGEZDjdUIC37Hv14Xqn7-FPFXcXXrXnK6AYhxs=
    create_time: 2022-03-09T15:09:40.394351Z
  - remote: buf.build
    owner: taygo
    repository: api
    branch: main
    commit: 28673898012d4849bf36661a93c790ad
    digest: b1-Xr0b_GqoYDQWoSQfZeLqhVI4ThlZ88oo0uBuPS0NeI8=
    create_time: 2022-03-10T11:31:45.959492Z
  - remote: buf.build
    owner: taygo
    repository: db
    branch: main
    commit: fb1ea9834cfa48ffa8d68c06e77f969f
    digest: b1-0onvPtT-vWesvsyPzj6vSDMa056KSFGKx6RIAvHdXI8=
    create_time: 2022-03-10T11:31:43.104736Z
