# Generated by buf. DO NOT EDIT.
version: v1
deps:
  - remote: buf.build
    owner: eden
    repository: api
    branch: main
    commit: e891ac1dc8cd450ca169cf05bd419bb0
    digest: b1-WhRqihXkmVW0QhuwTsQzYZkyZDFxQT2z5pgGwkWVCCY=
    create_time: 2022-02-19T19:22:18.740532Z
  - remote: buf.build
    owner: eden
    repository: auth
    branch: main
    commit: d58146f3ef704445bf29b8e0b60b11fd
    digest: b1-_JPeCvjOVSGLDC62mHzIsybDLow2kEAy61Z0LjvdLrE=
    create_time: 2022-02-19T19:22:35.024994Z
  - remote: buf.build
    owner: googleapis
    repository: googleapis
    branch: main
    commit: e98790c58c414f10952900c9efc42ed6
    digest: b1-KBCXEzQLhDPo4oBwUxEZTNVylAY4drJ7oqz9x0wy6-Q=
    create_time: 2022-02-19T15:03:38.153099Z
  - remote: buf.build
    owner: jbennett
    repository: ent-contrib-entproto
    branch: main
    commit: 296f1401831d4364afcf511bc45e9a17
    digest: b1-0T0qyDEZwKw24012jcYbruXpzL65RcXJYAGLiXSAnHU=
    create_time: 2021-11-20T14:33:49.975673Z
